<?xml version="1.0" encoding="utf-8"?>
<Project ToolsVersion="14.0" xmlns="http://schemas.microsoft.com/developer/msbuild/2003">
  <ItemGroup>
    <ClCompile Include="C:\Users\TranKim\Desktop\Working\Flir_Blackfly_S_USB3_GUITimestamp\HuanGUI\src\Windows\TStracker\main.cpp">
      <Filter>Source Files</Filter>
    </ClCompile>
    <ClCompile Include="C:\Users\TranKim\Desktop\Working\Flir_Blackfly_S_USB3_GUITimestamp\HuanGUI\src\Windows\TStracker\TStracker.cpp">
      <Filter>Source Files</Filter>
    </ClCompile>
    <ClCompile Include="C:\Users\TranKim\Desktop\Working\Flir_Blackfly_S_USB3_GUITimestamp\HuanGUI\src\Windows\TStracker\TStrackerMFC.cpp">
      <Filter>Source Files</Filter>
    </ClCompile>
    <ClCompile Include="C:\Users\TranKim\Desktop\Working\Flir_Blackfly_S_USB3_GUITimestamp\HuanGUI\src\Windows\TStracker\TStrackerThread.cpp">
      <Filter>Source Files</Filter>
    </ClCompile>
  </ItemGroup>
  <ItemGroup>
    <ClInclude Include="C:\Users\TranKim\Desktop\Working\Flir_Blackfly_S_USB3_GUITimestamp\HuanGUI\src\Windows\TStracker\cvui.h">
      <Filter>Header Files</Filter>
    </ClInclude>
    <ClInclude Include="C:\Users\TranKim\Desktop\Working\Flir_Blackfly_S_USB3_GUITimestamp\HuanGUI\src\Windows\TStracker\resource.h">
      <Filter>Header Files</Filter>
    </ClInclude>
    <ClInclude Include="C:\Users\TranKim\Desktop\Working\Flir_Blackfly_S_USB3_GUITimestamp\HuanGUI\src\Windows\TStracker\TStracker.h">
      <Filter>Header Files</Filter>
    </ClInclude>
    <ClInclude Include="C:\Users\TranKim\Desktop\Working\Flir_Blackfly_S_USB3_GUITimestamp\HuanGUI\src\Windows\TStracker\TStrackerMFC.h">
      <Filter>Header Files</Filter>
    </ClInclude>
    <ClInclude Include="C:\Users\TranKim\Desktop\Working\Flir_Blackfly_S_USB3_GUITimestamp\HuanGUI\src\Windows\TStracker\TStrackerThread.h">
      <Filter>Header Files</Filter>
    </ClInclude>
    <ClInclude Include="C:\Users\TranKim\Desktop\Working\Flir_Blackfly_S_USB3_GUITimestamp\HuanGUI\src\Windows\TStracker\stdafx.h">
      <Filter>Header Files</Filter>
    </ClInclude>
  </ItemGroup>
  <ItemGroup>
    <CustomBuild Include="C:\Users\TranKim\Desktop\Working\Flir_Blackfly_S_USB3_GUITimestamp\HuanGUI\src\Windows\TStracker\CMakeLists.txt" />
  </ItemGroup>
  <ItemGroup>
    <ResourceCompile Include="C:\Users\TranKim\Desktop\Working\Flir_Blackfly_S_USB3_GUITimestamp\HuanGUI\src\Windows\TStracker\rc\TStracker.rc">
      <Filter>Source Files</Filter>
    </ResourceCompile>
  </ItemGroup>
  <ItemGroup>
    <Filter Include="Header Files">
      <UniqueIdentifier>{8286C809-C613-32BC-9136-2BF6F7122451}</UniqueIdentifier>
    </Filter>
    <Filter Include="Source Files">
      <UniqueIdentifier>{9E9E8CB7-C9DF-3BD9-8CFB-AE9D00094EA2}</UniqueIdentifier>
    </Filter>
  </ItemGroup>
</Project>