
Microsoft Visual Studio Solution File, Format Version 12.00
# Visual Studio 14
VisualStudioVersion = 14.0.25420.1
MinimumVisualStudioVersion = 10.0.40219.1
Project("{8BC9CEB8-8B4A-11D0-8D11-00A0C91BC942}") = "ALL_BUILD", "ALL_BUILD.vcxproj", "{F85BE1B4-3DD4-32DE-AE4B-E09563E142DE}"
	ProjectSection(ProjectDependencies) = postProject
		{7EF37CE3-0E06-38EA-8C35-390B2A7813A6} = {7EF37CE3-0E06-38EA-8C35-390B2A7813A6}
		{36DE355D-3C89-3DD3-8E14-24E1221B6AD9} = {36DE355D-3C89-3DD3-8E14-24E1221B6AD9}
	EndProjectSection
EndProject
Project("{8BC9CEB8-8B4A-11D0-8D11-00A0C91BC942}") = "INSTALL", "INSTALL.vcxproj", "{93643240-F740-3CC6-A5FC-A65ED7536EB2}"
	ProjectSection(ProjectDependencies) = postProject
		{F85BE1B4-3DD4-32DE-AE4B-E09563E142DE} = {F85BE1B4-3DD4-32DE-AE4B-E09563E142DE}
		{36DE355D-3C89-3DD3-8E14-24E1221B6AD9} = {36DE355D-3C89-3DD3-8E14-24E1221B6AD9}
	EndProjectSection
EndProject
Project("{8BC9CEB8-8B4A-11D0-8D11-00A0C91BC942}") = "TStracker", "TStracker.vcxproj", "{7EF37CE3-0E06-38EA-8C35-390B2A7813A6}"
	ProjectSection(ProjectDependencies) = postProject
		{36DE355D-3C89-3DD3-8E14-24E1221B6AD9} = {36DE355D-3C89-3DD3-8E14-24E1221B6AD9}
	EndProjectSection
EndProject
Project("{8BC9CEB8-8B4A-11D0-8D11-00A0C91BC942}") = "ZERO_CHECK", "ZERO_CHECK.vcxproj", "{36DE355D-3C89-3DD3-8E14-24E1221B6AD9}"
EndProject
Global
	GlobalSection(SolutionConfigurationPlatforms) = preSolution
		Debug|x64 = Debug|x64
		MinSizeRel|x64 = MinSizeRel|x64
		Release|x64 = Release|x64
		RelWithDebInfo|x64 = RelWithDebInfo|x64
	EndGlobalSection
	GlobalSection(ProjectConfigurationPlatforms) = postSolution
		{F85BE1B4-3DD4-32DE-AE4B-E09563E142DE}.Debug|x64.ActiveCfg = Debug|x64
		{F85BE1B4-3DD4-32DE-AE4B-E09563E142DE}.Debug|x64.Build.0 = Debug|x64
		{F85BE1B4-3DD4-32DE-AE4B-E09563E142DE}.MinSizeRel|x64.ActiveCfg = MinSizeRel|x64
		{F85BE1B4-3DD4-32DE-AE4B-E09563E142DE}.MinSizeRel|x64.Build.0 = MinSizeRel|x64
		{F85BE1B4-3DD4-32DE-AE4B-E09563E142DE}.Release|x64.ActiveCfg = Release|x64
		{F85BE1B4-3DD4-32DE-AE4B-E09563E142DE}.RelWithDebInfo|x64.ActiveCfg = RelWithDebInfo|x64
		{F85BE1B4-3DD4-32DE-AE4B-E09563E142DE}.RelWithDebInfo|x64.Build.0 = RelWithDebInfo|x64
		{93643240-F740-3CC6-A5FC-A65ED7536EB2}.Debug|x64.ActiveCfg = Debug|x64
		{93643240-F740-3CC6-A5FC-A65ED7536EB2}.MinSizeRel|x64.ActiveCfg = MinSizeRel|x64
		{93643240-F740-3CC6-A5FC-A65ED7536EB2}.Release|x64.ActiveCfg = Release|x64
		{93643240-F740-3CC6-A5FC-A65ED7536EB2}.RelWithDebInfo|x64.ActiveCfg = RelWithDebInfo|x64
		{7EF37CE3-0E06-38EA-8C35-390B2A7813A6}.Debug|x64.ActiveCfg = Debug|x64
		{7EF37CE3-0E06-38EA-8C35-390B2A7813A6}.Debug|x64.Build.0 = Debug|x64
		{7EF37CE3-0E06-38EA-8C35-390B2A7813A6}.MinSizeRel|x64.ActiveCfg = MinSizeRel|x64
		{7EF37CE3-0E06-38EA-8C35-390B2A7813A6}.MinSizeRel|x64.Build.0 = MinSizeRel|x64
		{7EF37CE3-0E06-38EA-8C35-390B2A7813A6}.Release|x64.ActiveCfg = Release|x64
		{7EF37CE3-0E06-38EA-8C35-390B2A7813A6}.Release|x64.Build.0 = Release|x64
		{7EF37CE3-0E06-38EA-8C35-390B2A7813A6}.RelWithDebInfo|x64.ActiveCfg = RelWithDebInfo|x64
		{7EF37CE3-0E06-38EA-8C35-390B2A7813A6}.RelWithDebInfo|x64.Build.0 = RelWithDebInfo|x64
		{36DE355D-3C89-3DD3-8E14-24E1221B6AD9}.Debug|x64.ActiveCfg = Debug|x64
		{36DE355D-3C89-3DD3-8E14-24E1221B6AD9}.Debug|x64.Build.0 = Debug|x64
		{36DE355D-3C89-3DD3-8E14-24E1221B6AD9}.MinSizeRel|x64.ActiveCfg = MinSizeRel|x64
		{36DE355D-3C89-3DD3-8E14-24E1221B6AD9}.MinSizeRel|x64.Build.0 = MinSizeRel|x64
		{36DE355D-3C89-3DD3-8E14-24E1221B6AD9}.Release|x64.ActiveCfg = Release|x64
		{36DE355D-3C89-3DD3-8E14-24E1221B6AD9}.RelWithDebInfo|x64.ActiveCfg = RelWithDebInfo|x64
		{36DE355D-3C89-3DD3-8E14-24E1221B6AD9}.RelWithDebInfo|x64.Build.0 = RelWithDebInfo|x64
	EndGlobalSection
	GlobalSection(SolutionProperties) = preSolution
		HideSolutionNode = FALSE
	EndGlobalSection
	GlobalSection(ExtensibilityGlobals) = postSolution
		SolutionGuid = {A67EAC28-C3E7-3A59-BE85-0B65AC2C8CFD}
	EndGlobalSection
EndGlobal
