<?xml version="1.0" encoding="utf-8"?>
<Project ToolsVersion="14.0" xmlns="http://schemas.microsoft.com/developer/msbuild/2003">
  <ItemGroup>
    <ClCompile Include="C:\Users\TranKim\Desktop\Working\Flir_Blackfly_S_USB3_GUITimestamp\HuanGUI\src\Windows\GUISaveVideoWithTimestamp\main.cpp">
      <Filter>Source Files</Filter>
    </ClCompile>
  </ItemGroup>
  <ItemGroup>
    <CustomBuild Include="C:\Users\TranKim\Desktop\Working\Flir_Blackfly_S_USB3_GUITimestamp\HuanGUI\src\Windows\GUISaveVideoWithTimestamp\CMakeLists.txt" />
  </ItemGroup>
  <ItemGroup>
    <Filter Include="Source Files">
      <UniqueIdentifier>{86D61AB4-8D76-3C10-B95A-D72ED7645239}</UniqueIdentifier>
    </Filter>
  </ItemGroup>
</Project>
