<?xml version="1.0" encoding="utf-8"?>
<Project ToolsVersion="14.0" xmlns="http://schemas.microsoft.com/developer/msbuild/2003">
  <ItemGroup>
    <CustomBuild Include="C:\Users\TranKim\Desktop\Working\Flir_Blackfly_S_USB3_GUITimestamp\HuanGUI\src\Windows\OpenCV\Test_Mat\CMakeFiles\835db72440547b1332838846a90a65b0\generate.stamp.rule">
      <Filter>CMake Rules</Filter>
    </CustomBuild>
  </ItemGroup>
  <ItemGroup>
    <Filter Include="CMake Rules">
      <UniqueIdentifier>{2E4AC974-D50C-31B2-BBEF-E9F162323B86}</UniqueIdentifier>
    </Filter>
  </ItemGroup>
</Project>
