<?xml version="1.0" encoding="utf-8"?>
<Project ToolsVersion="14.0" xmlns="http://schemas.microsoft.com/developer/msbuild/2003">
  <ItemGroup>
    <ClCompile Include="C:\Users\TranKim\Desktop\Working\Flir_Blackfly_S_USB3_GUITimestamp\HuanGUI\src\Windows\OpenCV\Test_Video_Writer\main.cpp">
      <Filter>Source Files</Filter>
    </ClCompile>
  </ItemGroup>
  <ItemGroup>
    <CustomBuild Include="C:\Users\TranKim\Desktop\Working\Flir_Blackfly_S_USB3_GUITimestamp\HuanGUI\src\Windows\OpenCV\Test_Video_Writer\CMakeLists.txt" />
  </ItemGroup>
  <ItemGroup>
    <Filter Include="Source Files">
      <UniqueIdentifier>{942C2334-7D6C-302F-B3A4-85BDA28AE9BD}</UniqueIdentifier>
    </Filter>
  </ItemGroup>
</Project>
