<?xml version="1.0" encoding="utf-8"?>
<Project ToolsVersion="14.0" xmlns="http://schemas.microsoft.com/developer/msbuild/2003">
  <ItemGroup>
    <ClCompile Include="C:\Users\TranKim\Desktop\Working\Flir_Blackfly_S_USB3_GUITimestamp\HuanGUI\src\Windows\OpenCV\Test_OpenCV\DisplayImage.cpp">
      <Filter>Source Files</Filter>
    </ClCompile>
  </ItemGroup>
  <ItemGroup>
    <CustomBuild Include="C:\Users\TranKim\Desktop\Working\Flir_Blackfly_S_USB3_GUITimestamp\HuanGUI\src\Windows\OpenCV\Test_OpenCV\CMakeLists.txt" />
  </ItemGroup>
  <ItemGroup>
    <Filter Include="Source Files">
      <UniqueIdentifier>{BECDD17D-3DAE-3600-89FB-CB840F9C23DA}</UniqueIdentifier>
    </Filter>
  </ItemGroup>
</Project>
