<?xml version="1.0" encoding="utf-8"?>
<Project ToolsVersion="14.0" xmlns="http://schemas.microsoft.com/developer/msbuild/2003">
  <ItemGroup>
    <CustomBuild Include="C:\Users\TranKim\Desktop\Working\Flir_Blackfly_S_USB3_GUITimestamp\HuanGUI\src\Windows\GUISaveVideoWithTimestamp\CMakeFiles\b75a622ddc707c05f4b79cd36718d01a\generate.stamp.rule">
      <Filter>CMake Rules</Filter>
    </CustomBuild>
  </ItemGroup>
  <ItemGroup>
    <Filter Include="CMake Rules">
      <UniqueIdentifier>{6A1BC0D2-BE9F-340E-88D8-BCE2631E7683}</UniqueIdentifier>
    </Filter>
  </ItemGroup>
</Project>
